
Microsoft Visual Studio Solution File, Format Version 12.00
# Visual Studio 15
VisualStudioVersion = 15.0.27130.2010
MinimumVisualStudioVersion = 10.0.40219.1
Project("{9A19103F-16F7-4668-BE54-9A1E7A4F7556}") = "Core2ADFSAuth", "Core2ADFSAuth\Core2ADFSAuth.csproj", "{4F5E185E-C1BB-4659-8A05-C54D8C952BC1}"
EndProject
Global
	GlobalSection(SolutionConfigurationPlatforms) = preSolution
		Debug|Any CPU = Debug|Any CPU
		Release|Any CPU = Release|Any CPU
	EndGlobalSection
	GlobalSection(ProjectConfigurationPlatforms) = postSolution
		{4F5E185E-C1BB-4659-8A05-C54D8C952BC1}.Debug|Any CPU.ActiveCfg = Debug|Any CPU
		{4F5E185E-C1BB-4659-8A05-C54D8C952BC1}.Debug|Any CPU.Build.0 = Debug|Any CPU
		{4F5E185E-C1BB-4659-8A05-C54D8C952BC1}.Release|Any CPU.ActiveCfg = Release|Any CPU
		{4F5E185E-C1BB-4659-8A05-C54D8C952BC1}.Release|Any CPU.Build.0 = Release|Any CPU
	EndGlobalSection
	GlobalSection(SolutionProperties) = preSolution
		HideSolutionNode = FALSE
	EndGlobalSection
	GlobalSection(ExtensibilityGlobals) = postSolution
		SolutionGuid = {1DBC897B-0576-4C60-9098-14A9C5393E3C}
	EndGlobalSection
EndGlobal
